
Microsoft Visual Studio Solution File, Format Version 12.00
# Visual Studio Version 17
VisualStudioVersion = 17.10.35027.167
MinimumVisualStudioVersion = 10.0.40219.1
Project("{9A19103F-16F7-4668-BE54-9A1E7A4F7556}") = "AATestProject", "AATestProject\AATestProject.csproj", "{7AA8B902-F843-4754-95B6-08AAF2B05EFE}"
EndProject
Project("{9A19103F-16F7-4668-BE54-9A1E7A4F7556}") = "AATestProject.Android", "AATestProject.Android\AATestProject.Android.csproj", "{E72DF27E-DAFE-44E4-B5F2-ACEF0FEB8D86}"
EndProject
Project("{9A19103F-16F7-4668-BE54-9A1E7A4F7556}") = "AATestProject.Desktop", "AATestProject.Desktop\AATestProject.Desktop.csproj", "{7FF9AFF6-9A9E-4C49-A637-2F4686CAF46A}"
EndProject
Project("{9A19103F-16F7-4668-BE54-9A1E7A4F7556}") = "AATestProject.iOS", "AATestProject.iOS\AATestProject.iOS.csproj", "{60FA3B5B-7851-482F-8575-0D9BACEE83EC}"
EndProject
Project("{9A19103F-16F7-4668-BE54-9A1E7A4F7556}") = "AATestProject.Browser", "AATestProject.Browser\AATestProject.Browser.csproj", "{50E1FBBC-D21F-435C-9BA7-C2328E1653CD}"
EndProject
Project("{9A19103F-16F7-4668-BE54-9A1E7A4F7556}") = "WPFAppTest01", "WPFAppTest01\WPFAppTest01.csproj", "{87F58E68-455C-404C-899E-21E4E801EF7B}"
EndProject
Project("{FAE04EC0-301F-11D3-BF4B-00C04F79EFBC}") = "AATestLibrary", "AATestLibrary\AATestLibrary.csproj", "{68CF4990-40F7-4DB3-83ED-D25E260DB3D6}"
EndProject
Project("{8BC9CEB8-8B4A-11D0-8D11-00A0C91BC942}") = "ATestLib", "ATestLib\ATestLib.vcxproj", "{DA1F3523-3369-48AA-9C21-42BF7E552498}"
EndProject
Global
	GlobalSection(SolutionConfigurationPlatforms) = preSolution
		Debug|Any CPU = Debug|Any CPU
		Debug|x64 = Debug|x64
		Debug|x86 = Debug|x86
		Release|Any CPU = Release|Any CPU
		Release|x64 = Release|x64
		Release|x86 = Release|x86
	EndGlobalSection
	GlobalSection(ProjectConfigurationPlatforms) = postSolution
		{7AA8B902-F843-4754-95B6-08AAF2B05EFE}.Debug|Any CPU.ActiveCfg = Debug|Any CPU
		{7AA8B902-F843-4754-95B6-08AAF2B05EFE}.Debug|Any CPU.Build.0 = Debug|Any CPU
		{7AA8B902-F843-4754-95B6-08AAF2B05EFE}.Debug|x64.ActiveCfg = Debug|Any CPU
		{7AA8B902-F843-4754-95B6-08AAF2B05EFE}.Debug|x64.Build.0 = Debug|Any CPU
		{7AA8B902-F843-4754-95B6-08AAF2B05EFE}.Debug|x86.ActiveCfg = Debug|Any CPU
		{7AA8B902-F843-4754-95B6-08AAF2B05EFE}.Debug|x86.Build.0 = Debug|Any CPU
		{7AA8B902-F843-4754-95B6-08AAF2B05EFE}.Release|Any CPU.ActiveCfg = Release|Any CPU
		{7AA8B902-F843-4754-95B6-08AAF2B05EFE}.Release|Any CPU.Build.0 = Release|Any CPU
		{7AA8B902-F843-4754-95B6-08AAF2B05EFE}.Release|x64.ActiveCfg = Release|Any CPU
		{7AA8B902-F843-4754-95B6-08AAF2B05EFE}.Release|x64.Build.0 = Release|Any CPU
		{7AA8B902-F843-4754-95B6-08AAF2B05EFE}.Release|x86.ActiveCfg = Release|Any CPU
		{7AA8B902-F843-4754-95B6-08AAF2B05EFE}.Release|x86.Build.0 = Release|Any CPU
		{E72DF27E-DAFE-44E4-B5F2-ACEF0FEB8D86}.Debug|Any CPU.ActiveCfg = Debug|Any CPU
		{E72DF27E-DAFE-44E4-B5F2-ACEF0FEB8D86}.Debug|Any CPU.Build.0 = Debug|Any CPU
		{E72DF27E-DAFE-44E4-B5F2-ACEF0FEB8D86}.Debug|Any CPU.Deploy.0 = Debug|Any CPU
		{E72DF27E-DAFE-44E4-B5F2-ACEF0FEB8D86}.Debug|x64.ActiveCfg = Debug|Any CPU
		{E72DF27E-DAFE-44E4-B5F2-ACEF0FEB8D86}.Debug|x64.Build.0 = Debug|Any CPU
		{E72DF27E-DAFE-44E4-B5F2-ACEF0FEB8D86}.Debug|x64.Deploy.0 = Debug|Any CPU
		{E72DF27E-DAFE-44E4-B5F2-ACEF0FEB8D86}.Debug|x86.ActiveCfg = Debug|Any CPU
		{E72DF27E-DAFE-44E4-B5F2-ACEF0FEB8D86}.Debug|x86.Build.0 = Debug|Any CPU
		{E72DF27E-DAFE-44E4-B5F2-ACEF0FEB8D86}.Debug|x86.Deploy.0 = Debug|Any CPU
		{E72DF27E-DAFE-44E4-B5F2-ACEF0FEB8D86}.Release|Any CPU.ActiveCfg = Release|Any CPU
		{E72DF27E-DAFE-44E4-B5F2-ACEF0FEB8D86}.Release|Any CPU.Build.0 = Release|Any CPU
		{E72DF27E-DAFE-44E4-B5F2-ACEF0FEB8D86}.Release|Any CPU.Deploy.0 = Release|Any CPU
		{E72DF27E-DAFE-44E4-B5F2-ACEF0FEB8D86}.Release|x64.ActiveCfg = Release|Any CPU
		{E72DF27E-DAFE-44E4-B5F2-ACEF0FEB8D86}.Release|x64.Build.0 = Release|Any CPU
		{E72DF27E-DAFE-44E4-B5F2-ACEF0FEB8D86}.Release|x64.Deploy.0 = Release|Any CPU
		{E72DF27E-DAFE-44E4-B5F2-ACEF0FEB8D86}.Release|x86.ActiveCfg = Release|Any CPU
		{E72DF27E-DAFE-44E4-B5F2-ACEF0FEB8D86}.Release|x86.Build.0 = Release|Any CPU
		{E72DF27E-DAFE-44E4-B5F2-ACEF0FEB8D86}.Release|x86.Deploy.0 = Release|Any CPU
		{7FF9AFF6-9A9E-4C49-A637-2F4686CAF46A}.Debug|Any CPU.ActiveCfg = Debug|Any CPU
		{7FF9AFF6-9A9E-4C49-A637-2F4686CAF46A}.Debug|Any CPU.Build.0 = Debug|Any CPU
		{7FF9AFF6-9A9E-4C49-A637-2F4686CAF46A}.Debug|x64.ActiveCfg = Debug|Any CPU
		{7FF9AFF6-9A9E-4C49-A637-2F4686CAF46A}.Debug|x64.Build.0 = Debug|Any CPU
		{7FF9AFF6-9A9E-4C49-A637-2F4686CAF46A}.Debug|x86.ActiveCfg = Debug|x86
		{7FF9AFF6-9A9E-4C49-A637-2F4686CAF46A}.Debug|x86.Build.0 = Debug|x86
		{7FF9AFF6-9A9E-4C49-A637-2F4686CAF46A}.Release|Any CPU.ActiveCfg = Release|Any CPU
		{7FF9AFF6-9A9E-4C49-A637-2F4686CAF46A}.Release|Any CPU.Build.0 = Release|Any CPU
		{7FF9AFF6-9A9E-4C49-A637-2F4686CAF46A}.Release|x64.ActiveCfg = Release|Any CPU
		{7FF9AFF6-9A9E-4C49-A637-2F4686CAF46A}.Release|x64.Build.0 = Release|Any CPU
		{7FF9AFF6-9A9E-4C49-A637-2F4686CAF46A}.Release|x86.ActiveCfg = Release|Any CPU
		{7FF9AFF6-9A9E-4C49-A637-2F4686CAF46A}.Release|x86.Build.0 = Release|Any CPU
		{60FA3B5B-7851-482F-8575-0D9BACEE83EC}.Debug|Any CPU.ActiveCfg = Debug|Any CPU
		{60FA3B5B-7851-482F-8575-0D9BACEE83EC}.Debug|Any CPU.Build.0 = Debug|Any CPU
		{60FA3B5B-7851-482F-8575-0D9BACEE83EC}.Debug|Any CPU.Deploy.0 = Debug|Any CPU
		{60FA3B5B-7851-482F-8575-0D9BACEE83EC}.Debug|x64.ActiveCfg = Debug|Any CPU
		{60FA3B5B-7851-482F-8575-0D9BACEE83EC}.Debug|x64.Build.0 = Debug|Any CPU
		{60FA3B5B-7851-482F-8575-0D9BACEE83EC}.Debug|x64.Deploy.0 = Debug|Any CPU
		{60FA3B5B-7851-482F-8575-0D9BACEE83EC}.Debug|x86.ActiveCfg = Debug|Any CPU
		{60FA3B5B-7851-482F-8575-0D9BACEE83EC}.Debug|x86.Build.0 = Debug|Any CPU
		{60FA3B5B-7851-482F-8575-0D9BACEE83EC}.Debug|x86.Deploy.0 = Debug|Any CPU
		{60FA3B5B-7851-482F-8575-0D9BACEE83EC}.Release|Any CPU.ActiveCfg = Release|Any CPU
		{60FA3B5B-7851-482F-8575-0D9BACEE83EC}.Release|Any CPU.Build.0 = Release|Any CPU
		{60FA3B5B-7851-482F-8575-0D9BACEE83EC}.Release|Any CPU.Deploy.0 = Release|Any CPU
		{60FA3B5B-7851-482F-8575-0D9BACEE83EC}.Release|x64.ActiveCfg = Release|Any CPU
		{60FA3B5B-7851-482F-8575-0D9BACEE83EC}.Release|x64.Build.0 = Release|Any CPU
		{60FA3B5B-7851-482F-8575-0D9BACEE83EC}.Release|x64.Deploy.0 = Release|Any CPU
		{60FA3B5B-7851-482F-8575-0D9BACEE83EC}.Release|x86.ActiveCfg = Release|Any CPU
		{60FA3B5B-7851-482F-8575-0D9BACEE83EC}.Release|x86.Build.0 = Release|Any CPU
		{60FA3B5B-7851-482F-8575-0D9BACEE83EC}.Release|x86.Deploy.0 = Release|Any CPU
		{50E1FBBC-D21F-435C-9BA7-C2328E1653CD}.Debug|Any CPU.ActiveCfg = Debug|Any CPU
		{50E1FBBC-D21F-435C-9BA7-C2328E1653CD}.Debug|Any CPU.Build.0 = Debug|Any CPU
		{50E1FBBC-D21F-435C-9BA7-C2328E1653CD}.Debug|x64.ActiveCfg = Debug|Any CPU
		{50E1FBBC-D21F-435C-9BA7-C2328E1653CD}.Debug|x64.Build.0 = Debug|Any CPU
		{50E1FBBC-D21F-435C-9BA7-C2328E1653CD}.Debug|x86.ActiveCfg = Debug|Any CPU
		{50E1FBBC-D21F-435C-9BA7-C2328E1653CD}.Debug|x86.Build.0 = Debug|Any CPU
		{50E1FBBC-D21F-435C-9BA7-C2328E1653CD}.Release|Any CPU.ActiveCfg = Release|Any CPU
		{50E1FBBC-D21F-435C-9BA7-C2328E1653CD}.Release|Any CPU.Build.0 = Release|Any CPU
		{50E1FBBC-D21F-435C-9BA7-C2328E1653CD}.Release|x64.ActiveCfg = Release|Any CPU
		{50E1FBBC-D21F-435C-9BA7-C2328E1653CD}.Release|x64.Build.0 = Release|Any CPU
		{50E1FBBC-D21F-435C-9BA7-C2328E1653CD}.Release|x86.ActiveCfg = Release|Any CPU
		{50E1FBBC-D21F-435C-9BA7-C2328E1653CD}.Release|x86.Build.0 = Release|Any CPU
		{87F58E68-455C-404C-899E-21E4E801EF7B}.Debug|Any CPU.ActiveCfg = Debug|Any CPU
		{87F58E68-455C-404C-899E-21E4E801EF7B}.Debug|Any CPU.Build.0 = Debug|Any CPU
		{87F58E68-455C-404C-899E-21E4E801EF7B}.Debug|x64.ActiveCfg = Debug|Any CPU
		{87F58E68-455C-404C-899E-21E4E801EF7B}.Debug|x64.Build.0 = Debug|Any CPU
		{87F58E68-455C-404C-899E-21E4E801EF7B}.Debug|x86.ActiveCfg = Debug|Any CPU
		{87F58E68-455C-404C-899E-21E4E801EF7B}.Debug|x86.Build.0 = Debug|Any CPU
		{87F58E68-455C-404C-899E-21E4E801EF7B}.Release|Any CPU.ActiveCfg = Release|Any CPU
		{87F58E68-455C-404C-899E-21E4E801EF7B}.Release|Any CPU.Build.0 = Release|Any CPU
		{87F58E68-455C-404C-899E-21E4E801EF7B}.Release|x64.ActiveCfg = Release|Any CPU
		{87F58E68-455C-404C-899E-21E4E801EF7B}.Release|x64.Build.0 = Release|Any CPU
		{87F58E68-455C-404C-899E-21E4E801EF7B}.Release|x86.ActiveCfg = Release|Any CPU
		{87F58E68-455C-404C-899E-21E4E801EF7B}.Release|x86.Build.0 = Release|Any CPU
		{68CF4990-40F7-4DB3-83ED-D25E260DB3D6}.Debug|Any CPU.ActiveCfg = Debug|Any CPU
		{68CF4990-40F7-4DB3-83ED-D25E260DB3D6}.Debug|Any CPU.Build.0 = Debug|Any CPU
		{68CF4990-40F7-4DB3-83ED-D25E260DB3D6}.Debug|x64.ActiveCfg = Debug|Any CPU
		{68CF4990-40F7-4DB3-83ED-D25E260DB3D6}.Debug|x64.Build.0 = Debug|Any CPU
		{68CF4990-40F7-4DB3-83ED-D25E260DB3D6}.Debug|x86.ActiveCfg = Debug|Any CPU
		{68CF4990-40F7-4DB3-83ED-D25E260DB3D6}.Debug|x86.Build.0 = Debug|Any CPU
		{68CF4990-40F7-4DB3-83ED-D25E260DB3D6}.Release|Any CPU.ActiveCfg = Release|Any CPU
		{68CF4990-40F7-4DB3-83ED-D25E260DB3D6}.Release|Any CPU.Build.0 = Release|Any CPU
		{68CF4990-40F7-4DB3-83ED-D25E260DB3D6}.Release|x64.ActiveCfg = Release|Any CPU
		{68CF4990-40F7-4DB3-83ED-D25E260DB3D6}.Release|x64.Build.0 = Release|Any CPU
		{68CF4990-40F7-4DB3-83ED-D25E260DB3D6}.Release|x86.ActiveCfg = Release|Any CPU
		{68CF4990-40F7-4DB3-83ED-D25E260DB3D6}.Release|x86.Build.0 = Release|Any CPU
		{DA1F3523-3369-48AA-9C21-42BF7E552498}.Debug|Any CPU.ActiveCfg = Debug|x64
		{DA1F3523-3369-48AA-9C21-42BF7E552498}.Debug|Any CPU.Build.0 = Debug|x64
		{DA1F3523-3369-48AA-9C21-42BF7E552498}.Debug|x64.ActiveCfg = Debug|x64
		{DA1F3523-3369-48AA-9C21-42BF7E552498}.Debug|x64.Build.0 = Debug|x64
		{DA1F3523-3369-48AA-9C21-42BF7E552498}.Debug|x86.ActiveCfg = Debug|Win32
		{DA1F3523-3369-48AA-9C21-42BF7E552498}.Debug|x86.Build.0 = Debug|Win32
		{DA1F3523-3369-48AA-9C21-42BF7E552498}.Release|Any CPU.ActiveCfg = Release|x64
		{DA1F3523-3369-48AA-9C21-42BF7E552498}.Release|Any CPU.Build.0 = Release|x64
		{DA1F3523-3369-48AA-9C21-42BF7E552498}.Release|x64.ActiveCfg = Release|x64
		{DA1F3523-3369-48AA-9C21-42BF7E552498}.Release|x64.Build.0 = Release|x64
		{DA1F3523-3369-48AA-9C21-42BF7E552498}.Release|x86.ActiveCfg = Release|Win32
		{DA1F3523-3369-48AA-9C21-42BF7E552498}.Release|x86.Build.0 = Release|Win32
	EndGlobalSection
	GlobalSection(SolutionProperties) = preSolution
		HideSolutionNode = FALSE
	EndGlobalSection
	GlobalSection(ExtensibilityGlobals) = postSolution
		SolutionGuid = {A85EBE98-AB6A-428D-AB1D-7A3B5CDCA362}
	EndGlobalSection
EndGlobal
